
Microsoft Visual Studio Solution File, Format Version 12.00
# Visual Studio Version 16
VisualStudioVersion = 16.0.31019.35
MinimumVisualStudioVersion = 10.0.40219.1
Project("{FAE04EC0-301F-11D3-BF4B-00C04F79EFBC}") = "SampleApp", "SampleApp\SampleApp.csproj", "{0E253384-91C9-4A24-A10B-4F7981453F22}"
EndProject
Global
	GlobalSection(SolutionConfigurationPlatforms) = preSolution
		Debug|Any CPU = Debug|Any CPU
		Release|Any CPU = Release|Any CPU
	EndGlobalSection
	GlobalSection(ProjectConfigurationPlatforms) = postSolution
		{0E253384-91C9-4A24-A10B-4F7981453F22}.Debug|Any CPU.ActiveCfg = Debug|Any CPU
		{0E253384-91C9-4A24-A10B-4F7981453F22}.Debug|Any CPU.Build.0 = Debug|Any CPU
		{0E253384-91C9-4A24-A10B-4F7981453F22}.Release|Any CPU.ActiveCfg = Release|Any CPU
		{0E253384-91C9-4A24-A10B-4F7981453F22}.Release|Any CPU.Build.0 = Release|Any CPU
	EndGlobalSection
	GlobalSection(SolutionProperties) = preSolution
		HideSolutionNode = FALSE
	EndGlobalSection
	GlobalSection(ExtensibilityGlobals) = postSolution
		SolutionGuid = {B48C4489-39EE-4F8A-9BD5-E97CFD605E79}
	EndGlobalSection
EndGlobal
